// !$*UTF8*$!
{
	archiveVersion = 1;
	classes = {
	};
	objectVersion = 46;
	objects = {

/* Begin PBXBuildFile section */
		A6FCC2E01B9EB80800696827 /* AppDelegate.swift in Sources */ = {isa = PBXBuildFile; fileRef = A6FCC2DF1B9EB80800696827 /* AppDelegate.swift */; };
		A6FCC2E21B9EB80800696827 /* ViewController.swift in Sources */ = {isa = PBXBuildFile; fileRef = A6FCC2E11B9EB80800696827 /* ViewController.swift */; };
		A6FCC2E51B9EB80800696827 /* Main.storyboard in Resources */ = {isa = PBXBuildFile; fileRef = A6FCC2E31B9EB80800696827 /* Main.storyboard */; };
		A6FCC2E71B9EB80800696827 /* Images.xcassets in Resources */ = {isa = PBXBuildFile; fileRef = A6FCC2E61B9EB80800696827 /* Images.xcassets */; };
		A6FCC2EA1B9EB80800696827 /* LaunchScreen.xib in Resources */ = {isa = PBXBuildFile; fileRef = A6FCC2E81B9EB80800696827 /* LaunchScreen.xib */; };
		A6FCC2F61B9EB80900696827 /* TabViewTests.swift in Sources */ = {isa = PBXBuildFile; fileRef = A6FCC2F51B9EB80900696827 /* TabViewTests.swift */; };
/* End PBXBuildFile section */

/* Begin PBXContainerItemProxy section */
		A6FCC2F01B9EB80900696827 /* PBXContainerItemProxy */ = {
			isa = PBXContainerItemProxy;
			containerPortal = A6FCC2D21B9EB80800696827 /* Project object */;
			proxyType = 1;
			remoteGlobalIDString = A6FCC2D91B9EB80800696827;
			remoteInfo = TabView;
		};
/* End PBXContainerItemProxy section */

/* Begin PBXFileReference section */
		A6FCC2DA1B9EB80800696827 /* TabView.app */ = {isa = PBXFileReference; explicitFileType = wrapper.application; includeInIndex = 0; path = TabView.app; sourceTree = BUILT_PRODUCTS_DIR; };
		A6FCC2DE1B9EB80800696827 /* Info.plist */ = {isa = PBXFileReference; lastKnownFileType = text.plist.xml; path = Info.plist; sourceTree = "<group>"; };
		A6FCC2DF1B9EB80800696827 /* AppDelegate.swift */ = {isa = PBXFileReference; lastKnownFileType = sourcecode.swift; path = AppDelegate.swift; sourceTree = "<group>"; };
		A6FCC2E11B9EB80800696827 /* ViewController.swift */ = {isa = PBXFileReference; lastKnownFileType = sourcecode.swift; path = ViewController.swift; sourceTree = "<group>"; };
		A6FCC2E41B9EB80800696827 /* Base */ = {isa = PBXFileReference; lastKnownFileType = file.storyboard; name = Base; path = Base.lproj/Main.storyboard; sourceTree = "<group>"; };
		A6FCC2E61B9EB80800696827 /* Images.xcassets */ = {isa = PBXFileReference; lastKnownFileType = folder.assetcatalog; path = Images.xcassets; sourceTree = "<group>"; };
		A6FCC2E91B9EB80800696827 /* Base */ = {isa = PBXFileReference; lastKnownFileType = file.xib; name = Base; path = Base.lproj/LaunchScreen.xib; sourceTree = "<group>"; };
		A6FCC2EF1B9EB80900696827 /* TabViewTests.xctest */ = {isa = PBXFileReference; explicitFileType = wrapper.cfbundle; includeInIndex = 0; path = TabViewTests.xctest; sourceTree = BUILT_PRODUCTS_DIR; };
		A6FCC2F41B9EB80900696827 /* Info.plist */ = {isa = PBXFileReference; lastKnownFileType = text.plist.xml; path = Info.plist; sourceTree = "<group>"; };
		A6FCC2F51B9EB80900696827 /* TabViewTests.swift */ = {isa = PBXFileReference; lastKnownFileType = sourcecode.swift; path = TabViewTests.swift; sourceTree = "<group>"; };
/* End PBXFileReference section */

/* Begin PBXFrameworksBuildPhase section */
		A6FCC2D71B9EB80800696827 /* Frameworks */ = {
			isa = PBXFrameworksBuildPhase;
			buildActionMask = 2147483647;
			files = (
			);
			runOnlyForDeploymentPostprocessing = 0;
		};
		A6FCC2EC1B9EB80900696827 /* Frameworks */ = {
			isa = PBXFrameworksBuildPhase;
			buildActionMask = 2147483647;
			files = (
			);
			runOnlyForDeploymentPostprocessing = 0;
		};
/* End PBXFrameworksBuildPhase section */

/* Begin PBXGroup section */
		A6FCC2D11B9EB80800696827 = {
			isa = PBXGroup;
			children = (
				A6FCC2DC1B9EB80800696827 /* TabView */,
				A6FCC2F21B9EB80900696827 /* TabViewTests */,
				A6FCC2DB1B9EB80800696827 /* Products */,
			);
			sourceTree = "<group>";
		};
		A6FCC2DB1B9EB80800696827 /* Products */ = {
			isa = PBXGroup;
			children = (
				A6FCC2DA1B9EB80800696827 /* TabView.app */,
				A6FCC2EF1B9EB80900696827 /* TabViewTests.xctest */,
			);
			name = Products;
			sourceTree = "<group>";
		};
		A6FCC2DC1B9EB80800696827 /* TabView */ = {
			isa = PBXGroup;
			children = (
				A6FCC2DF1B9EB80800696827 /* AppDelegate.swift */,
				A6FCC2E11B9EB80800696827 /* ViewController.swift */,
				A6FCC2E31B9EB80800696827 /* Main.storyboard */,
				A6FCC2E61B9EB80800696827 /* Images.xcassets */,
				A6FCC2E81B9EB80800696827 /* LaunchScreen.xib */,
				A6FCC2DD1B9EB80800696827 /* Supporting Files */,
			);
			path = TabView;
			sourceTree = "<group>";
		};
		A6FCC2DD1B9EB80800696827 /* Supporting Files */ = {
			isa = PBXGroup;
			children = (
				A6FCC2DE1B9EB80800696827 /* Info.plist */,
			);
			name = "Supporting Files";
			sourceTree = "<group>";
		};
		A6FCC2F21B9EB80900696827 /* TabViewTests */ = {
			isa = PBXGroup;
			children = (
				A6FCC2F51B9EB80900696827 /* TabViewTests.swift */,
				A6FCC2F31B9EB80900696827 /* Supporting Files */,
			);
			path = TabViewTests;
			sourceTree = "<group>";
		};
		A6FCC2F31B9EB80900696827 /* Supporting Files */ = {
			isa = PBXGroup;
			children = (
				A6FCC2F41B9EB80900696827 /* Info.plist */,
			);
			name = "Supporting Files";
			sourceTree = "<group>";
		};
/* End PBXGroup section */

/* Begin PBXNativeTarget section */
		A6FCC2D91B9EB80800696827 /* TabView */ = {
			isa = PBXNativeTarget;
			buildConfigurationList = A6FCC2F91B9EB80900696827 /* Build configuration list for PBXNativeTarget "TabView" */;
			buildPhases = (
				A6FCC2D61B9EB80800696827 /* Sources */,
				A6FCC2D71B9EB80800696827 /* Frameworks */,
				A6FCC2D81B9EB80800696827 /* Resources */,
			);
			buildRules = (
			);
			dependencies = (
			);
			name = TabView;
			productName = TabView;
			productReference = A6FCC2DA1B9EB80800696827 /* TabView.app */;
			productType = "com.apple.product-type.application";
		};
		A6FCC2EE1B9EB80900696827 /* TabViewTests */ = {
			isa = PBXNativeTarget;
			buildConfigurationList = A6FCC2FC1B9EB80900696827 /* Build configuration list for PBXNativeTarget "TabViewTests" */;
			buildPhases = (
				A6FCC2EB1B9EB80900696827 /* Sources */,
				A6FCC2EC1B9EB80900696827 /* Frameworks */,
				A6FCC2ED1B9EB80900696827 /* Resources */,
			);
			buildRules = (
			);
			dependencies = (
				A6FCC2F11B9EB80900696827 /* PBXTargetDependency */,
			);
			name = TabViewTests;
			productName = TabViewTests;
			productReference = A6FCC2EF1B9EB80900696827 /* TabViewTests.xctest */;
			productType = "com.apple.product-type.bundle.unit-test";
		};
/* End PBXNativeTarget section */

/* Begin PBXProject section */
		A6FCC2D21B9EB80800696827 /* Project object */ = {
			isa = PBXProject;
			attributes = {
				LastSwiftUpdateCheck = 0710;
				LastUpgradeCheck = 0620;
				ORGANIZATIONNAME = "Jeff Lee";
				TargetAttributes = {
					A6FCC2D91B9EB80800696827 = {
						CreatedOnToolsVersion = 6.2;
					};
					A6FCC2EE1B9EB80900696827 = {
						CreatedOnToolsVersion = 6.2;
						TestTargetID = A6FCC2D91B9EB80800696827;
					};
				};
			};
			buildConfigurationList = A6FCC2D51B9EB80800696827 /* Build configuration list for PBXProject "TabView" */;
			compatibilityVersion = "Xcode 3.2";
			developmentRegion = English;
			hasScannedForEncodings = 0;
			knownRegions = (
				en,
				Base,
			);
			mainGroup = A6FCC2D11B9EB80800696827;
			productRefGroup = A6FCC2DB1B9EB80800696827 /* Products */;
			projectDirPath = "";
			projectRoot = "";
			targets = (
				A6FCC2D91B9EB80800696827 /* TabView */,
				A6FCC2EE1B9EB80900696827 /* TabViewTests */,
			);
		};
/* End PBXProject section */

/* Begin PBXResourcesBuildPhase section */
		A6FCC2D81B9EB80800696827 /* Resources */ = {
			isa = PBXResourcesBuildPhase;
			buildActionMask = 2147483647;
			files = (
				A6FCC2E51B9EB80800696827 /* Main.storyboard in Resources */,
				A6FCC2EA1B9EB80800696827 /* LaunchScreen.xib in Resources */,
				A6FCC2E71B9EB80800696827 /* Images.xcassets in Resources */,
			);
			runOnlyForDeploymentPostprocessing = 0;
		};
		A6FCC2ED1B9EB80900696827 /* Resources */ = {
			isa = PBXResourcesBuildPhase;
			buildActionMask = 2147483647;
			files = (
			);
			runOnlyForDeploymentPostprocessing = 0;
		};
/* End PBXResourcesBuildPhase section */

/* Begin PBXSourcesBuildPhase section */
		A6FCC2D61B9EB80800696827 /* Sources */ = {
			isa = PBXSourcesBuildPhase;
			buildActionMask = 2147483647;
			files = (
				A6FCC2E21B9EB80800696827 /* ViewController.swift in Sources */,
				A6FCC2E01B9EB80800696827 /* AppDelegate.swift in Sources */,
			);
			runOnlyForDeploymentPostprocessing = 0;
		};
		A6FCC2EB1B9EB80900696827 /* Sources */ = {
			isa = PBXSourcesBuildPhase;
			buildActionMask = 2147483647;
			files = (
				A6FCC2F61B9EB80900696827 /* TabViewTests.swift in Sources */,
			);
			runOnlyForDeploymentPostprocessing = 0;
		};
/* End PBXSourcesBuildPhase section */

/* Begin PBXTargetDependency section */
		A6FCC2F11B9EB80900696827 /* PBXTargetDependency */ = {
			isa = PBXTargetDependency;
			target = A6FCC2D91B9EB80800696827 /* TabView */;
			targetProxy = A6FCC2F01B9EB80900696827 /* PBXContainerItemProxy */;
		};
/* End PBXTargetDependency section */

/* Begin PBXVariantGroup section */
		A6FCC2E31B9EB80800696827 /* Main.storyboard */ = {
			isa = PBXVariantGroup;
			children = (
				A6FCC2E41B9EB80800696827 /* Base */,
			);
			name = Main.storyboard;
			sourceTree = "<group>";
		};
		A6FCC2E81B9EB80800696827 /* LaunchScreen.xib */ = {
			isa = PBXVariantGroup;
			children = (
				A6FCC2E91B9EB80800696827 /* Base */,
			);
			name = LaunchScreen.xib;
			sourceTree = "<group>";
		};
/* End PBXVariantGroup section */

/* Begin XCBuildConfiguration section */
		A6FCC2F71B9EB80900696827 /* Debug */ = {
			isa = XCBuildConfiguration;
			buildSettings = {
				ALWAYS_SEARCH_USER_PATHS = NO;
				CLANG_CXX_LANGUAGE_STANDARD = "gnu++0x";
				CLANG_CXX_LIBRARY = "libc++";
				CLANG_ENABLE_MODULES = YES;
				CLANG_ENABLE_OBJC_ARC = YES;
				CLANG_WARN_BOOL_CONVERSION = YES;
				CLANG_WARN_CONSTANT_CONVERSION = YES;
				CLANG_WARN_DIRECT_OBJC_ISA_USAGE = YES_ERROR;
				CLANG_WARN_EMPTY_BODY = YES;
				CLANG_WARN_ENUM_CONVERSION = YES;
				CLANG_WARN_INT_CONVERSION = YES;
				CLANG_WARN_OBJC_ROOT_CLASS = YES_ERROR;
				CLANG_WARN_UNREACHABLE_CODE = YES;
				CLANG_WARN__DUPLICATE_METHOD_MATCH = YES;
				"CODE_SIGN_IDENTITY[sdk=iphoneos*]" = "iPhone Developer";
				COPY_PHASE_STRIP = NO;
				ENABLE_STRICT_OBJC_MSGSEND = YES;
				GCC_C_LANGUAGE_STANDARD = gnu99;
				GCC_DYNAMIC_NO_PIC = NO;
				GCC_OPTIMIZATION_LEVEL = 0;
				GCC_PREPROCESSOR_DEFINITIONS = (
					"DEBUG=1",
					"$(inherited)",
				);
				GCC_SYMBOLS_PRIVATE_EXTERN = NO;
				GCC_WARN_64_TO_32_BIT_CONVERSION = YES;
				GCC_WARN_ABOUT_RETURN_TYPE = YES_ERROR;
				GCC_WARN_UNDECLARED_SELECTOR = YES;
				GCC_WARN_UNINITIALIZED_AUTOS = YES_AGGRESSIVE;
				GCC_WARN_UNUSED_FUNCTION = YES;
				GCC_WARN_UNUSED_VARIABLE = YES;
				IPHONEOS_DEPLOYMENT_TARGET = 8.2;
				MTL_ENABLE_DEBUG_INFO = YES;
				ONLY_ACTIVE_ARCH = YES;
				SDKROOT = iphoneos;
				SWIFT_OPTIMIZATION_LEVEL = "-Onone";
				TARGETED_DEVICE_FAMILY = "1,2";
			};
			name = Debug;
		};
		A6FCC2F81B9EB80900696827 /* Release */ = {
			isa = XCBuildConfiguration;
			buildSettings = {
				ALWAYS_SEARCH_USER_PATHS = NO;
				CLANG_CXX_LANGUAGE_STANDARD = "gnu++0x";
				CLANG_CXX_LIBRARY = "libc++";
				CLANG_ENABLE_MODULES = YES;
				CLANG_ENABLE_OBJC_ARC = YES;
				CLANG_WARN_BOOL_CONVERSION = YES;
				CLANG_WARN_CONSTANT_CONVERSION = YES;
				CLANG_WARN_DIRECT_OBJC_ISA_USAGE = YES_ERROR;
				CLANG_WARN_EMPTY_BODY = YES;
				CLANG_WARN_ENUM_CONVERSION = YES;
				CLANG_WARN_INT_CONVERSION = YES;
				CLANG_WARN_OBJC_ROOT_CLASS = YES_ERROR;
				CLANG_WARN_UNREACHABLE_CODE = YES;
				CLANG_WARN__DUPLICATE_METHOD_MATCH = YES;
				"CODE_SIGN_IDENTITY[sdk=iphoneos*]" = "iPhone Developer";
				COPY_PHASE_STRIP = NO;
				ENABLE_NS_ASSERTIONS = NO;
				ENABLE_STRICT_OBJC_MSGSEND = YES;
				GCC_C_LANGUAGE_STANDARD = gnu99;
				GCC_WARN_64_TO_32_BIT_CONVERSION = YES;
				GCC_WARN_ABOUT_RETURN_TYPE = YES_ERROR;
				GCC_WARN_UNDECLARED_SELECTOR = YES;
				GCC_WARN_UNINITIALIZED_AUTOS = YES_AGGRESSIVE;
				GCC_WARN_UNUSED_FUNCTION = YES;
				GCC_WARN_UNUSED_VARIABLE = YES;
				IPHONEOS_DEPLOYMENT_TARGET = 8.2;
				MTL_ENABLE_DEBUG_INFO = NO;
				SDKROOT = iphoneos;
				TARGETED_DEVICE_FAMILY = "1,2";
				VALIDATE_PRODUCT = YES;
			};
			name = Release;
		};
		A6FCC2FA1B9EB80900696827 /* Debug */ = {
			isa = XCBuildConfiguration;
			buildSettings = {
				ASSETCATALOG_COMPILER_APPICON_NAME = AppIcon;
				INFOPLIST_FILE = TabView/Info.plist;
				LD_RUNPATH_SEARCH_PATHS = "$(inherited) @executable_path/Frameworks";
				PRODUCT_NAME = "$(TARGET_NAME)";
			};
			name = Debug;
		};
		A6FCC2FB1B9EB80900696827 /* Release */ = {
			isa = XCBuildConfiguration;
			buildSettings = {
				ASSETCATALOG_COMPILER_APPICON_NAME = AppIcon;
				INFOPLIST_FILE = TabView/Info.plist;
				LD_RUNPATH_SEARCH_PATHS = "$(inherited) @executable_path/Frameworks";
				PRODUCT_NAME = "$(TARGET_NAME)";
			};
			name = Release;
		};
		A6FCC2FD1B9EB80900696827 /* Debug */ = {
			isa = XCBuildConfiguration;
			buildSettings = {
				BUNDLE_LOADER = "$(TEST_HOST)";
				FRAMEWORK_SEARCH_PATHS = (
					"$(SDKROOT)/Developer/Library/Frameworks",
					"$(inherited)",
				);
				GCC_PREPROCESSOR_DEFINITIONS = (
					"DEBUG=1",
					"$(inherited)",
				);
				INFOPLIST_FILE = TabViewTests/Info.plist;
				LD_RUNPATH_SEARCH_PATHS = "$(inherited) @executable_path/Frameworks @loader_path/Frameworks";
				PRODUCT_NAME = "$(TARGET_NAME)";
				TEST_HOST = "$(BUILT_PRODUCTS_DIR)/TabView.app/TabView";
			};
			name = Debug;
		};
		A6FCC2FE1B9EB80900696827 /* Release */ = {
			isa = XCBuildConfiguration;
			buildSettings = {
				BUNDLE_LOADER = "$(TEST_HOST)";
				FRAMEWORK_SEARCH_PATHS = (
					"$(SDKROOT)/Developer/Library/Frameworks",
					"$(inherited)",
				);
				INFOPLIST_FILE = TabViewTests/Info.plist;
				LD_RUNPATH_SEARCH_PATHS = "$(inherited) @executable_path/Frameworks @loader_path/Frameworks";
				PRODUCT_NAME = "$(TARGET_NAME)";
				TEST_HOST = "$(BUILT_PRODUCTS_DIR)/TabView.app/TabView";
			};
			name = Release;
		};
/* End XCBuildConfiguration section */

/* Begin XCConfigurationList section */
		A6FCC2D51B9EB80800696827 /* Build configuration list for PBXProject "TabView" */ = {
			isa = XCConfigurationList;
			buildConfigurations = (
				A6FCC2F71B9EB80900696827 /* Debug */,
				A6FCC2F81B9EB80900696827 /* Release */,
			);
			defaultConfigurationIsVisible = 0;
			defaultConfigurationName = Release;
		};
		A6FCC2F91B9EB80900696827 /* Build configuration list for PBXNativeTarget "TabView" */ = {
			isa = XCConfigurationList;
			buildConfigurations = (
				A6FCC2FA1B9EB80900696827 /* Debug */,
				A6FCC2FB1B9EB80900696827 /* Release */,
			);
			defaultConfigurationIsVisible = 0;
			defaultConfigurationName = Release;
		};
		A6FCC2FC1B9EB80900696827 /* Build configuration list for PBXNativeTarget "TabViewTests" */ = {
			isa = XCConfigurationList;
			buildConfigurations = (
				A6FCC2FD1B9EB80900696827 /* Debug */,
				A6FCC2FE1B9EB80900696827 /* Release */,
			);
			defaultConfigurationIsVisible = 0;
			defaultConfigurationName = Release;
		};
/* End XCConfigurationList section */
	};
	rootObject = A6FCC2D21B9EB80800696827 /* Project object */;
}
